
Microsoft Visual Studio Solution File, Format Version 12.00
# Visual Studio Version 16
VisualStudioVersion = 16.0.33328.57
MinimumVisualStudioVersion = 10.0.40219.1
Project("{2150E333-8FDC-42A3-9474-1A3956D46DE8}") = "Internal", "Internal", "{20689D8C-E9AD-447B-B983-551F0DF547BB}"
	ProjectSection(SolutionItems) = preProject
		Internal\.editorconfig = Internal\.editorconfig
	EndProjectSection
EndProject
Project("{2150E333-8FDC-42A3-9474-1A3956D46DE8}") = "Scripts", "Scripts", "{3AD22DEF-AC41-476D-9319-1AF2EF9AA389}"
EndProject
Project("{2150E333-8FDC-42A3-9474-1A3956D46DE8}") = "Dlls", "Dlls", "{1DE3EF01-0160-4706-96C8-FFA3DDD6D14F}"
	ProjectSection(SolutionItems) = preProject
		Dlls\ABOUT.md = Dlls\ABOUT.md
	EndProjectSection
EndProject
Project("{2150E333-8FDC-42A3-9474-1A3956D46DE8}") = "CompanionFiles", "CompanionFiles", "{92CEF771-1AFB-42C7-BA4F-B7C4BE9A6AF7}"
EndProject
Project("{2150E333-8FDC-42A3-9474-1A3956D46DE8}") = "Skyline DataMiner", "Skyline DataMiner", "{25D8EB00-F06C-4D1E-A9AC-DF1098653407}"
	ProjectSection(SolutionItems) = preProject
		CompanionFiles\Skyline DataMiner\AboutThisFolder.md = CompanionFiles\Skyline DataMiner\AboutThisFolder.md
	EndProjectSection
EndProject
Project("{2150E333-8FDC-42A3-9474-1A3956D46DE8}") = "Documentation", "Documentation", "{429E4C27-10C6-4947-8078-A41981C389AE}"
	ProjectSection(SolutionItems) = preProject
		Documentation\ABOUT.md = Documentation\ABOUT.md
		README.md = README.md
	EndProjectSection
EndProject
Project("{2150E333-8FDC-42A3-9474-1A3956D46DE8}") = "Code Analysis", "Code Analysis", "{D6FA0145-3AB6-44FF-9C73-0424F41F72EA}"
	ProjectSection(SolutionItems) = preProject
		Internal\Code Analysis\qaction-debug.ruleset = Internal\Code Analysis\qaction-debug.ruleset
		Internal\Code Analysis\qaction-release.ruleset = Internal\Code Analysis\qaction-release.ruleset
		Internal\Code Analysis\stylecop.json = Internal\Code Analysis\stylecop.json
	EndProjectSection
EndProject
Project("{2150E333-8FDC-42A3-9474-1A3956D46DE8}") = "SLC-GQIO-HTMLEncode", "SLC-GQIO-HTMLEncode", "{8A2F227B-0AB5-472A-ABDB-8F792B2C542D}"
	ProjectSection(SolutionItems) = preProject
		SLC-GQIO-HTMLEncode.xml = SLC-GQIO-HTMLEncode.xml
	EndProjectSection
EndProject
Project("{2150E333-8FDC-42A3-9474-1A3956D46DE8}") = "Actions", "Actions", "{6476A88D-C72F-46F7-8FE6-463C0B98266F}"
EndProject
Project("{9A19103F-16F7-4668-BE54-9A1E7A4F7556}") = "SLC-GQIO-HTMLEncode_1", "SLC-GQIO-HTMLEncode_1\SLC-GQIO-HTMLEncode_1.csproj", "{25307B1A-E92B-4CA7-B7DE-1D61B25F9AB4}"
EndProject
Global
	GlobalSection(SolutionConfigurationPlatforms) = preSolution
		Debug|Any CPU = Debug|Any CPU
		Release|Any CPU = Release|Any CPU
	EndGlobalSection
	GlobalSection(ProjectConfigurationPlatforms) = postSolution
		{25307B1A-E92B-4CA7-B7DE-1D61B25F9AB4}.Debug|Any CPU.ActiveCfg = Debug|Any CPU
		{25307B1A-E92B-4CA7-B7DE-1D61B25F9AB4}.Debug|Any CPU.Build.0 = Debug|Any CPU
		{25307B1A-E92B-4CA7-B7DE-1D61B25F9AB4}.Release|Any CPU.ActiveCfg = Release|Any CPU
		{25307B1A-E92B-4CA7-B7DE-1D61B25F9AB4}.Release|Any CPU.Build.0 = Release|Any CPU
	EndGlobalSection
	GlobalSection(SolutionProperties) = preSolution
		HideSolutionNode = FALSE
	EndGlobalSection
	GlobalSection(NestedProjects) = preSolution
		{25D8EB00-F06C-4D1E-A9AC-DF1098653407} = {92CEF771-1AFB-42C7-BA4F-B7C4BE9A6AF7}
		{D6FA0145-3AB6-44FF-9C73-0424F41F72EA} = {20689D8C-E9AD-447B-B983-551F0DF547BB}
		{8A2F227B-0AB5-472A-ABDB-8F792B2C542D} = {3AD22DEF-AC41-476D-9319-1AF2EF9AA389}
		{6476A88D-C72F-46F7-8FE6-463C0B98266F} = {8A2F227B-0AB5-472A-ABDB-8F792B2C542D}
		{25307B1A-E92B-4CA7-B7DE-1D61B25F9AB4} = {6476A88D-C72F-46F7-8FE6-463C0B98266F}
	EndGlobalSection
	GlobalSection(ExtensibilityGlobals) = postSolution
		SolutionGuid = {A6EEF5A4-7559-4F2F-A8C6-00A8BEE6E831}
	EndGlobalSection
EndGlobal
